
Microsoft Visual Studio Solution File, Format Version 12.00
# Visual Studio Version 16
VisualStudioVersion = 16.0.31613.86
MinimumVisualStudioVersion = 10.0.40219.1
Project("{FAE04EC0-301F-11D3-BF4B-00C04F79EFBC}") = "SauceLabDemo", "SauceLabDemo\SauceLabDemo.csproj", "{325CDAE9-3811-438F-A6D2-3C0D30A98248}"
EndProject
Global
	GlobalSection(SolutionConfigurationPlatforms) = preSolution
		Debug|Any CPU = Debug|Any CPU
		Release|Any CPU = Release|Any CPU
	EndGlobalSection
	GlobalSection(ProjectConfigurationPlatforms) = postSolution
		{325CDAE9-3811-438F-A6D2-3C0D30A98248}.Debug|Any CPU.ActiveCfg = Debug|Any CPU
		{325CDAE9-3811-438F-A6D2-3C0D30A98248}.Debug|Any CPU.Build.0 = Debug|Any CPU
		{325CDAE9-3811-438F-A6D2-3C0D30A98248}.Release|Any CPU.ActiveCfg = Release|Any CPU
		{325CDAE9-3811-438F-A6D2-3C0D30A98248}.Release|Any CPU.Build.0 = Release|Any CPU
	EndGlobalSection
	GlobalSection(SolutionProperties) = preSolution
		HideSolutionNode = FALSE
	EndGlobalSection
	GlobalSection(ExtensibilityGlobals) = postSolution
		SolutionGuid = {017A13C2-F1EB-44EF-8CFB-E88D501A75ED}
	EndGlobalSection
EndGlobal
